
Microsoft Visual Studio Solution File, Format Version 12.00
# Visual Studio Version 16
VisualStudioVersion = 16.0.30804.86
MinimumVisualStudioVersion = 10.0.40219.1
Project("{9A19103F-16F7-4668-BE54-9A1E7A4F7556}") = "Interface", "Interface\Interface.csproj", "{4A5AF272-0DF8-40B3-9438-AAFF14CEDF54}"
EndProject
Project("{9A19103F-16F7-4668-BE54-9A1E7A4F7556}") = "Serialization", "Serialization\Serialization.csproj", "{8FC80111-E668-4267-8974-95DB1AE13161}"
EndProject
Project("{9A19103F-16F7-4668-BE54-9A1E7A4F7556}") = "LogFacade", "LogFacade\LogFacade.csproj", "{B22A84B8-23A1-4EC6-ABF6-CE32224B2E77}"
EndProject
Project("{9A19103F-16F7-4668-BE54-9A1E7A4F7556}") = "Log4NetLogging", "Log4NetLogging\Log4NetLogging.csproj", "{FEE49E87-E69C-46C0-82BD-AE38C3027AB8}"
EndProject
Project("{9A19103F-16F7-4668-BE54-9A1E7A4F7556}") = "Framework", "Framework\Framework.csproj", "{7E9E1B8E-DE9C-4D5F-AD61-D53B27F80797}"
EndProject
Project("{9A19103F-16F7-4668-BE54-9A1E7A4F7556}") = "Pipeline", "Pipeline\Pipeline.csproj", "{1EEFA014-DC57-4DCE-914F-85C479FF8A05}"
EndProject
Project("{9A19103F-16F7-4668-BE54-9A1E7A4F7556}") = "ConditionBuilder", "ConditionBuilder\ConditionBuilder.csproj", "{B456151D-27CA-4FDC-930D-81490D50C5EC}"
EndProject
Project("{9A19103F-16F7-4668-BE54-9A1E7A4F7556}") = "Utility", "Utility\Utility.csproj", "{D4452E27-CAAC-4B9A-8834-2F3C07651115}"
EndProject
Project("{9A19103F-16F7-4668-BE54-9A1E7A4F7556}") = "CommandHost", "CommandHost\CommandHost.csproj", "{1B6AA17D-2F21-411D-8E94-9A9890AE3459}"
EndProject
Project("{9A19103F-16F7-4668-BE54-9A1E7A4F7556}") = "HtGtkHost", "HtGtkHost\HtGtkHost.csproj", "{EB74D698-A1EC-49D4-B0BA-E7A6CF2BA37D}"
EndProject
Project("{9A19103F-16F7-4668-BE54-9A1E7A4F7556}") = "HtGtkHostLib", "HtGtkHostLib\HtGtkHostLib.csproj", "{4969F40E-115C-43B8-B020-3C3E28A7DFF8}"
EndProject
Project("{9A19103F-16F7-4668-BE54-9A1E7A4F7556}") = "Framework.Gtk", "Framework.Gtk\Framework.Gtk.csproj", "{7D40BF11-514F-46C3-8D09-801E364CC1F0}"
EndProject
Project("{9A19103F-16F7-4668-BE54-9A1E7A4F7556}") = "Archive", "Archive\Archive.csproj", "{EFC95240-F97E-4779-BC59-7FF5BDB7E8DE}"
EndProject
Project("{FAE04EC0-301F-11D3-BF4B-00C04F79EFBC}") = "Sql", "Sql\Sql.csproj", "{9EEA05B7-A830-4B1B-BC41-E34F609528B4}"
EndProject
Project("{FAE04EC0-301F-11D3-BF4B-00C04F79EFBC}") = "GraphFlow", "GraphFlow\GraphFlow.csproj", "{16C17982-FC43-403B-A98C-E7D793A87BB2}"
EndProject
Project("{FAE04EC0-301F-11D3-BF4B-00C04F79EFBC}") = "DataDictionary.Interface", "DataDictionary.Interface\DataDictionary.Interface.csproj", "{C5A74335-1EF5-48AB-89B1-6D541D081ED6}"
EndProject
Global
	GlobalSection(SolutionConfigurationPlatforms) = preSolution
		Debug|Any CPU = Debug|Any CPU
		Release|Any CPU = Release|Any CPU
	EndGlobalSection
	GlobalSection(ProjectConfigurationPlatforms) = postSolution
		{4A5AF272-0DF8-40B3-9438-AAFF14CEDF54}.Debug|Any CPU.ActiveCfg = Debug|Any CPU
		{4A5AF272-0DF8-40B3-9438-AAFF14CEDF54}.Debug|Any CPU.Build.0 = Debug|Any CPU
		{4A5AF272-0DF8-40B3-9438-AAFF14CEDF54}.Release|Any CPU.ActiveCfg = Release|Any CPU
		{4A5AF272-0DF8-40B3-9438-AAFF14CEDF54}.Release|Any CPU.Build.0 = Release|Any CPU
		{8FC80111-E668-4267-8974-95DB1AE13161}.Debug|Any CPU.ActiveCfg = Debug|Any CPU
		{8FC80111-E668-4267-8974-95DB1AE13161}.Debug|Any CPU.Build.0 = Debug|Any CPU
		{8FC80111-E668-4267-8974-95DB1AE13161}.Release|Any CPU.ActiveCfg = Release|Any CPU
		{8FC80111-E668-4267-8974-95DB1AE13161}.Release|Any CPU.Build.0 = Release|Any CPU
		{B22A84B8-23A1-4EC6-ABF6-CE32224B2E77}.Debug|Any CPU.ActiveCfg = Debug|Any CPU
		{B22A84B8-23A1-4EC6-ABF6-CE32224B2E77}.Debug|Any CPU.Build.0 = Debug|Any CPU
		{B22A84B8-23A1-4EC6-ABF6-CE32224B2E77}.Release|Any CPU.ActiveCfg = Release|Any CPU
		{B22A84B8-23A1-4EC6-ABF6-CE32224B2E77}.Release|Any CPU.Build.0 = Release|Any CPU
		{FEE49E87-E69C-46C0-82BD-AE38C3027AB8}.Debug|Any CPU.ActiveCfg = Debug|Any CPU
		{FEE49E87-E69C-46C0-82BD-AE38C3027AB8}.Debug|Any CPU.Build.0 = Debug|Any CPU
		{FEE49E87-E69C-46C0-82BD-AE38C3027AB8}.Release|Any CPU.ActiveCfg = Release|Any CPU
		{FEE49E87-E69C-46C0-82BD-AE38C3027AB8}.Release|Any CPU.Build.0 = Release|Any CPU
		{7E9E1B8E-DE9C-4D5F-AD61-D53B27F80797}.Debug|Any CPU.ActiveCfg = Debug|Any CPU
		{7E9E1B8E-DE9C-4D5F-AD61-D53B27F80797}.Debug|Any CPU.Build.0 = Debug|Any CPU
		{7E9E1B8E-DE9C-4D5F-AD61-D53B27F80797}.Release|Any CPU.ActiveCfg = Release|Any CPU
		{7E9E1B8E-DE9C-4D5F-AD61-D53B27F80797}.Release|Any CPU.Build.0 = Release|Any CPU
		{1EEFA014-DC57-4DCE-914F-85C479FF8A05}.Debug|Any CPU.ActiveCfg = Debug|Any CPU
		{1EEFA014-DC57-4DCE-914F-85C479FF8A05}.Debug|Any CPU.Build.0 = Debug|Any CPU
		{1EEFA014-DC57-4DCE-914F-85C479FF8A05}.Release|Any CPU.ActiveCfg = Release|Any CPU
		{1EEFA014-DC57-4DCE-914F-85C479FF8A05}.Release|Any CPU.Build.0 = Release|Any CPU
		{B456151D-27CA-4FDC-930D-81490D50C5EC}.Debug|Any CPU.ActiveCfg = Debug|Any CPU
		{B456151D-27CA-4FDC-930D-81490D50C5EC}.Debug|Any CPU.Build.0 = Debug|Any CPU
		{B456151D-27CA-4FDC-930D-81490D50C5EC}.Release|Any CPU.ActiveCfg = Release|Any CPU
		{B456151D-27CA-4FDC-930D-81490D50C5EC}.Release|Any CPU.Build.0 = Release|Any CPU
		{D4452E27-CAAC-4B9A-8834-2F3C07651115}.Debug|Any CPU.ActiveCfg = Debug|Any CPU
		{D4452E27-CAAC-4B9A-8834-2F3C07651115}.Debug|Any CPU.Build.0 = Debug|Any CPU
		{D4452E27-CAAC-4B9A-8834-2F3C07651115}.Release|Any CPU.ActiveCfg = Release|Any CPU
		{D4452E27-CAAC-4B9A-8834-2F3C07651115}.Release|Any CPU.Build.0 = Release|Any CPU
		{1B6AA17D-2F21-411D-8E94-9A9890AE3459}.Debug|Any CPU.ActiveCfg = Debug|Any CPU
		{1B6AA17D-2F21-411D-8E94-9A9890AE3459}.Debug|Any CPU.Build.0 = Debug|Any CPU
		{1B6AA17D-2F21-411D-8E94-9A9890AE3459}.Release|Any CPU.ActiveCfg = Release|Any CPU
		{1B6AA17D-2F21-411D-8E94-9A9890AE3459}.Release|Any CPU.Build.0 = Release|Any CPU
		{EB74D698-A1EC-49D4-B0BA-E7A6CF2BA37D}.Debug|Any CPU.ActiveCfg = Debug|Any CPU
		{EB74D698-A1EC-49D4-B0BA-E7A6CF2BA37D}.Debug|Any CPU.Build.0 = Debug|Any CPU
		{EB74D698-A1EC-49D4-B0BA-E7A6CF2BA37D}.Release|Any CPU.ActiveCfg = Release|Any CPU
		{EB74D698-A1EC-49D4-B0BA-E7A6CF2BA37D}.Release|Any CPU.Build.0 = Release|Any CPU
		{4969F40E-115C-43B8-B020-3C3E28A7DFF8}.Debug|Any CPU.ActiveCfg = Debug|Any CPU
		{4969F40E-115C-43B8-B020-3C3E28A7DFF8}.Debug|Any CPU.Build.0 = Debug|Any CPU
		{4969F40E-115C-43B8-B020-3C3E28A7DFF8}.Release|Any CPU.ActiveCfg = Release|Any CPU
		{4969F40E-115C-43B8-B020-3C3E28A7DFF8}.Release|Any CPU.Build.0 = Release|Any CPU
		{7D40BF11-514F-46C3-8D09-801E364CC1F0}.Debug|Any CPU.ActiveCfg = Debug|Any CPU
		{7D40BF11-514F-46C3-8D09-801E364CC1F0}.Debug|Any CPU.Build.0 = Debug|Any CPU
		{7D40BF11-514F-46C3-8D09-801E364CC1F0}.Release|Any CPU.ActiveCfg = Release|Any CPU
		{7D40BF11-514F-46C3-8D09-801E364CC1F0}.Release|Any CPU.Build.0 = Release|Any CPU
		{EFC95240-F97E-4779-BC59-7FF5BDB7E8DE}.Debug|Any CPU.ActiveCfg = Debug|Any CPU
		{EFC95240-F97E-4779-BC59-7FF5BDB7E8DE}.Debug|Any CPU.Build.0 = Debug|Any CPU
		{EFC95240-F97E-4779-BC59-7FF5BDB7E8DE}.Release|Any CPU.ActiveCfg = Release|Any CPU
		{EFC95240-F97E-4779-BC59-7FF5BDB7E8DE}.Release|Any CPU.Build.0 = Release|Any CPU
		{9EEA05B7-A830-4B1B-BC41-E34F609528B4}.Debug|Any CPU.ActiveCfg = Debug|Any CPU
		{9EEA05B7-A830-4B1B-BC41-E34F609528B4}.Debug|Any CPU.Build.0 = Debug|Any CPU
		{9EEA05B7-A830-4B1B-BC41-E34F609528B4}.Release|Any CPU.ActiveCfg = Release|Any CPU
		{9EEA05B7-A830-4B1B-BC41-E34F609528B4}.Release|Any CPU.Build.0 = Release|Any CPU
		{16C17982-FC43-403B-A98C-E7D793A87BB2}.Debug|Any CPU.ActiveCfg = Debug|Any CPU
		{16C17982-FC43-403B-A98C-E7D793A87BB2}.Debug|Any CPU.Build.0 = Debug|Any CPU
		{16C17982-FC43-403B-A98C-E7D793A87BB2}.Release|Any CPU.ActiveCfg = Release|Any CPU
		{16C17982-FC43-403B-A98C-E7D793A87BB2}.Release|Any CPU.Build.0 = Release|Any CPU
		{C5A74335-1EF5-48AB-89B1-6D541D081ED6}.Debug|Any CPU.ActiveCfg = Debug|Any CPU
		{C5A74335-1EF5-48AB-89B1-6D541D081ED6}.Debug|Any CPU.Build.0 = Debug|Any CPU
		{C5A74335-1EF5-48AB-89B1-6D541D081ED6}.Release|Any CPU.ActiveCfg = Release|Any CPU
		{C5A74335-1EF5-48AB-89B1-6D541D081ED6}.Release|Any CPU.Build.0 = Release|Any CPU
	EndGlobalSection
	GlobalSection(SolutionProperties) = preSolution
		HideSolutionNode = FALSE
	EndGlobalSection
	GlobalSection(ExtensibilityGlobals) = postSolution
		SolutionGuid = {FE5F649D-7C60-45E4-92A1-6F2724273F2C}
	EndGlobalSection
EndGlobal
